// !$*UTF8*$!
{
	archiveVersion = 1;
	classes = {
	};
	objectVersion = 46;
	objects = {

/* Begin PBXBuildFile section */
		4C00929019D2EBB800AB6D38 /* Player.swift in Sources */ = {isa = PBXBuildFile; fileRef = 4C00928F19D2EBB800AB6D38 /* Player.swift */; };
		4C00929419D513B000AB6D38 /* Cell.swift in Sources */ = {isa = PBXBuildFile; fileRef = 4C00929319D513B000AB6D38 /* Cell.swift */; };
		4C00929619D5A68800AB6D38 /* PlayerEnums.swift in Sources */ = {isa = PBXBuildFile; fileRef = 4C00929519D5A68800AB6D38 /* PlayerEnums.swift */; };
		4C0092A119D5ED1F00AB6D38 /* Item.swift in Sources */ = {isa = PBXBuildFile; fileRef = 4C0092A019D5ED1F00AB6D38 /* Item.swift */; };
		4C0BBD3819E04EA4009865DB /* BackLeftCorner.png in Resources */ = {isa = PBXBuildFile; fileRef = 4C0BBD2719E04EA4009865DB /* BackLeftCorner.png */; };
		4C0BBD3919E04EA4009865DB /* BackRightCorner.png in Resources */ = {isa = PBXBuildFile; fileRef = 4C0BBD2819E04EA4009865DB /* BackRightCorner.png */; };
		4C0BBD3A19E04EA4009865DB /* BackSingleTile.png in Resources */ = {isa = PBXBuildFile; fileRef = 4C0BBD2919E04EA4009865DB /* BackSingleTile.png */; };
		4C0BBD3B19E04EA4009865DB /* BackWall.png in Resources */ = {isa = PBXBuildFile; fileRef = 4C0BBD2A19E04EA4009865DB /* BackWall.png */; };
		4C0BBD3C19E04EA4009865DB /* Column.png in Resources */ = {isa = PBXBuildFile; fileRef = 4C0BBD2B19E04EA4009865DB /* Column.png */; };
		4C0BBD3D19E04EA4009865DB /* FloorTile.png in Resources */ = {isa = PBXBuildFile; fileRef = 4C0BBD2C19E04EA4009865DB /* FloorTile.png */; };
		4C0BBD3E19E04EA4009865DB /* FrontLeftCorner.png in Resources */ = {isa = PBXBuildFile; fileRef = 4C0BBD2D19E04EA4009865DB /* FrontLeftCorner.png */; };
		4C0BBD3F19E04EA4009865DB /* FrontRightCorner.png in Resources */ = {isa = PBXBuildFile; fileRef = 4C0BBD2E19E04EA4009865DB /* FrontRightCorner.png */; };
		4C0BBD4019E04EA4009865DB /* FrontSingleTile.png in Resources */ = {isa = PBXBuildFile; fileRef = 4C0BBD2F19E04EA4009865DB /* FrontSingleTile.png */; };
		4C0BBD4119E04EA4009865DB /* FrontWall.png in Resources */ = {isa = PBXBuildFile; fileRef = 4C0BBD3019E04EA4009865DB /* FrontWall.png */; };
		4C0BBD4219E04EA4009865DB /* HorizontalSingleTile.png in Resources */ = {isa = PBXBuildFile; fileRef = 4C0BBD3119E04EA4009865DB /* HorizontalSingleTile.png */; };
		4C0BBD4319E04EA4009865DB /* LeftSingleTile.png in Resources */ = {isa = PBXBuildFile; fileRef = 4C0BBD3219E04EA4009865DB /* LeftSingleTile.png */; };
		4C0BBD4419E04EA4009865DB /* LeftWall.png in Resources */ = {isa = PBXBuildFile; fileRef = 4C0BBD3319E04EA4009865DB /* LeftWall.png */; };
		4C0BBD4519E04EA4009865DB /* RightSingleTile.png in Resources */ = {isa = PBXBuildFile; fileRef = 4C0BBD3419E04EA4009865DB /* RightSingleTile.png */; };
		4C0BBD4619E04EA4009865DB /* RightWall.png in Resources */ = {isa = PBXBuildFile; fileRef = 4C0BBD3519E04EA4009865DB /* RightWall.png */; };
		4C0BBD4719E04EA4009865DB /* UnexcavatedTile.png in Resources */ = {isa = PBXBuildFile; fileRef = 4C0BBD3619E04EA4009865DB /* UnexcavatedTile.png */; };
		4C0BBD4819E04EA4009865DB /* VerticalSingleTile.png in Resources */ = {isa = PBXBuildFile; fileRef = 4C0BBD3719E04EA4009865DB /* VerticalSingleTile.png */; };
		4C1F0BB019CEF799001F336B /* Tile.swift in Sources */ = {isa = PBXBuildFile; fileRef = 4C1F0BAF19CEF799001F336B /* Tile.swift */; };
		4C1F0BB219CF3635001F336B /* Dungeon.swift in Sources */ = {isa = PBXBuildFile; fileRef = 4C1F0BB119CF3635001F336B /* Dungeon.swift */; };
		4C4A9E7419E410040068EAAB /* Container.swift in Sources */ = {isa = PBXBuildFile; fileRef = 4C4A9E7319E410040068EAAB /* Container.swift */; };
		4C4A9E7A19E439C20068EAAB /* ContainerView.xib in Resources */ = {isa = PBXBuildFile; fileRef = 4C4A9E7919E439C20068EAAB /* ContainerView.xib */; };
		4C71BBDE19F53F150012AD86 /* Status.swift in Sources */ = {isa = PBXBuildFile; fileRef = 4C71BBDD19F53F140012AD86 /* Status.swift */; };
		4C71BBE019F53F290012AD86 /* Effect.swift in Sources */ = {isa = PBXBuildFile; fileRef = 4C71BBDF19F53F290012AD86 /* Effect.swift */; };
		4C71BBE619F7233A0012AD86 /* TypeEnum.swift in Sources */ = {isa = PBXBuildFile; fileRef = 4C71BBE519F7233A0012AD86 /* TypeEnum.swift */; };
		4CA748B919E9621D0097CCBF /* DungeonMaster.swift in Sources */ = {isa = PBXBuildFile; fileRef = 4CA748B819E9621D0097CCBF /* DungeonMaster.swift */; };
		4CA748ED19F032E00097CCBF /* NPCTurnState.swift in Sources */ = {isa = PBXBuildFile; fileRef = 4CA748EC19F032E00097CCBF /* NPCTurnState.swift */; };
		4CC399C519CE8FAC00B42FB7 /* AppDelegate.swift in Sources */ = {isa = PBXBuildFile; fileRef = 4CC399C419CE8FAC00B42FB7 /* AppDelegate.swift */; };
		4CC399C719CE8FAC00B42FB7 /* GameScene.sks in Resources */ = {isa = PBXBuildFile; fileRef = 4CC399C619CE8FAC00B42FB7 /* GameScene.sks */; };
		4CC399C919CE8FAC00B42FB7 /* GameScene.swift in Sources */ = {isa = PBXBuildFile; fileRef = 4CC399C819CE8FAC00B42FB7 /* GameScene.swift */; };
		4CC399CB19CE8FAC00B42FB7 /* GameViewController.swift in Sources */ = {isa = PBXBuildFile; fileRef = 4CC399CA19CE8FAC00B42FB7 /* GameViewController.swift */; };
		4CC399CE19CE8FAC00B42FB7 /* Main.storyboard in Resources */ = {isa = PBXBuildFile; fileRef = 4CC399CC19CE8FAC00B42FB7 /* Main.storyboard */; };
		4CC399D019CE8FAC00B42FB7 /* Images.xcassets in Resources */ = {isa = PBXBuildFile; fileRef = 4CC399CF19CE8FAC00B42FB7 /* Images.xcassets */; };
		4CC399D319CE8FAC00B42FB7 /* LaunchScreen.xib in Resources */ = {isa = PBXBuildFile; fileRef = 4CC399D119CE8FAC00B42FB7 /* LaunchScreen.xib */; };
		4CC399DF19CE8FAC00B42FB7 /* EndlessDungeonTests.swift in Sources */ = {isa = PBXBuildFile; fileRef = 4CC399DE19CE8FAC00B42FB7 /* EndlessDungeonTests.swift */; };
		4CCA703F19E587180020DFD6 /* ContainerCell.xib in Resources */ = {isa = PBXBuildFile; fileRef = 4CCA703E19E587180020DFD6 /* ContainerCell.xib */; };
		4CCA704519E6C3640020DFD6 /* WorldObject.swift in Sources */ = {isa = PBXBuildFile; fileRef = 4CCA704419E6C3640020DFD6 /* WorldObject.swift */; };
		4CCA704719E6C38D0020DFD6 /* Openable.swift in Sources */ = {isa = PBXBuildFile; fileRef = 4CCA704619E6C38D0020DFD6 /* Openable.swift */; };
		4CCA704919E6C4D20020DFD6 /* ContainerViewController.swift in Sources */ = {isa = PBXBuildFile; fileRef = 4CCA704819E6C4D20020DFD6 /* ContainerViewController.swift */; };
		4CCA704C19E70A790020DFD6 /* Door.swift in Sources */ = {isa = PBXBuildFile; fileRef = 4CCA704B19E70A790020DFD6 /* Door.swift */; };
		4CCA704E19E70A9B0020DFD6 /* Character.swift in Sources */ = {isa = PBXBuildFile; fileRef = 4CCA704D19E70A9B0020DFD6 /* Character.swift */; };
		4CCA705019E70ABD0020DFD6 /* NPCharacter.swift in Sources */ = {isa = PBXBuildFile; fileRef = 4CCA704F19E70ABD0020DFD6 /* NPCharacter.swift */; };
		4CCA705219E710FE0020DFD6 /* CharacterSheetViewController.swift in Sources */ = {isa = PBXBuildFile; fileRef = 4CCA705119E710FE0020DFD6 /* CharacterSheetViewController.swift */; };
		4CCA705419E7110A0020DFD6 /* CharacterSheetView.xib in Resources */ = {isa = PBXBuildFile; fileRef = 4CCA705319E7110A0020DFD6 /* CharacterSheetView.xib */; };
		4CCA705619E712050020DFD6 /* CharacterEquipmentViewController.swift in Sources */ = {isa = PBXBuildFile; fileRef = 4CCA705519E712050020DFD6 /* CharacterEquipmentViewController.swift */; };
		4CCA705819E712110020DFD6 /* CharacterEquipmentView.xib in Resources */ = {isa = PBXBuildFile; fileRef = 4CCA705719E712110020DFD6 /* CharacterEquipmentView.xib */; };
		4CCA705C19E7752D0020DFD6 /* CharacterInventoryCollectionCell.xib in Resources */ = {isa = PBXBuildFile; fileRef = 4CCA705B19E7752D0020DFD6 /* CharacterInventoryCollectionCell.xib */; };
/* End PBXBuildFile section */

/* Begin PBXContainerItemProxy section */
		4CC399D919CE8FAC00B42FB7 /* PBXContainerItemProxy */ = {
			isa = PBXContainerItemProxy;
			containerPortal = 4CC399B719CE8FAC00B42FB7 /* Project object */;
			proxyType = 1;
			remoteGlobalIDString = 4CC399BE19CE8FAC00B42FB7;
			remoteInfo = EndlessDungeon;
		};
/* End PBXContainerItemProxy section */

/* Begin PBXFileReference section */
		4C00928F19D2EBB800AB6D38 /* Player.swift */ = {isa = PBXFileReference; fileEncoding = 4; lastKnownFileType = sourcecode.swift; path = Player.swift; sourceTree = "<group>"; };
		4C00929319D513B000AB6D38 /* Cell.swift */ = {isa = PBXFileReference; fileEncoding = 4; lastKnownFileType = sourcecode.swift; path = Cell.swift; sourceTree = "<group>"; };
		4C00929519D5A68800AB6D38 /* PlayerEnums.swift */ = {isa = PBXFileReference; fileEncoding = 4; lastKnownFileType = sourcecode.swift; path = PlayerEnums.swift; sourceTree = "<group>"; };
		4C0092A019D5ED1F00AB6D38 /* Item.swift */ = {isa = PBXFileReference; fileEncoding = 4; lastKnownFileType = sourcecode.swift; path = Item.swift; sourceTree = "<group>"; };
		4C0BBD2719E04EA4009865DB /* BackLeftCorner.png */ = {isa = PBXFileReference; lastKnownFileType = image.png; name = BackLeftCorner.png; path = "Tile Images/Wall Tiles/Stone Tiles/BackLeftCorner.png"; sourceTree = "<group>"; };
		4C0BBD2819E04EA4009865DB /* BackRightCorner.png */ = {isa = PBXFileReference; lastKnownFileType = image.png; name = BackRightCorner.png; path = "Tile Images/Wall Tiles/Stone Tiles/BackRightCorner.png"; sourceTree = "<group>"; };
		4C0BBD2919E04EA4009865DB /* BackSingleTile.png */ = {isa = PBXFileReference; lastKnownFileType = image.png; name = BackSingleTile.png; path = "Tile Images/Wall Tiles/Stone Tiles/BackSingleTile.png"; sourceTree = "<group>"; };
		4C0BBD2A19E04EA4009865DB /* BackWall.png */ = {isa = PBXFileReference; lastKnownFileType = image.png; name = BackWall.png; path = "Tile Images/Wall Tiles/Stone Tiles/BackWall.png"; sourceTree = "<group>"; };
		4C0BBD2B19E04EA4009865DB /* Column.png */ = {isa = PBXFileReference; lastKnownFileType = image.png; name = Column.png; path = "Tile Images/Wall Tiles/Stone Tiles/Column.png"; sourceTree = "<group>"; };
		4C0BBD2C19E04EA4009865DB /* FloorTile.png */ = {isa = PBXFileReference; lastKnownFileType = image.png; name = FloorTile.png; path = "Tile Images/Wall Tiles/Stone Tiles/FloorTile.png"; sourceTree = "<group>"; };
		4C0BBD2D19E04EA4009865DB /* FrontLeftCorner.png */ = {isa = PBXFileReference; lastKnownFileType = image.png; name = FrontLeftCorner.png; path = "Tile Images/Wall Tiles/Stone Tiles/FrontLeftCorner.png"; sourceTree = "<group>"; };
		4C0BBD2E19E04EA4009865DB /* FrontRightCorner.png */ = {isa = PBXFileReference; lastKnownFileType = image.png; name = FrontRightCorner.png; path = "Tile Images/Wall Tiles/Stone Tiles/FrontRightCorner.png"; sourceTree = "<group>"; };
		4C0BBD2F19E04EA4009865DB /* FrontSingleTile.png */ = {isa = PBXFileReference; lastKnownFileType = image.png; name = FrontSingleTile.png; path = "Tile Images/Wall Tiles/Stone Tiles/FrontSingleTile.png"; sourceTree = "<group>"; };
		4C0BBD3019E04EA4009865DB /* FrontWall.png */ = {isa = PBXFileReference; lastKnownFileType = image.png; name = FrontWall.png; path = "Tile Images/Wall Tiles/Stone Tiles/FrontWall.png"; sourceTree = "<group>"; };
		4C0BBD3119E04EA4009865DB /* HorizontalSingleTile.png */ = {isa = PBXFileReference; lastKnownFileType = image.png; name = HorizontalSingleTile.png; path = "Tile Images/Wall Tiles/Stone Tiles/HorizontalSingleTile.png"; sourceTree = "<group>"; };
		4C0BBD3219E04EA4009865DB /* LeftSingleTile.png */ = {isa = PBXFileReference; lastKnownFileType = image.png; name = LeftSingleTile.png; path = "Tile Images/Wall Tiles/Stone Tiles/LeftSingleTile.png"; sourceTree = "<group>"; };
		4C0BBD3319E04EA4009865DB /* LeftWall.png */ = {isa = PBXFileReference; lastKnownFileType = image.png; name = LeftWall.png; path = "Tile Images/Wall Tiles/Stone Tiles/LeftWall.png"; sourceTree = "<group>"; };
		4C0BBD3419E04EA4009865DB /* RightSingleTile.png */ = {isa = PBXFileReference; lastKnownFileType = image.png; name = RightSingleTile.png; path = "Tile Images/Wall Tiles/Stone Tiles/RightSingleTile.png"; sourceTree = "<group>"; };
		4C0BBD3519E04EA4009865DB /* RightWall.png */ = {isa = PBXFileReference; lastKnownFileType = image.png; name = RightWall.png; path = "Tile Images/Wall Tiles/Stone Tiles/RightWall.png"; sourceTree = "<group>"; };
		4C0BBD3619E04EA4009865DB /* UnexcavatedTile.png */ = {isa = PBXFileReference; lastKnownFileType = image.png; name = UnexcavatedTile.png; path = "Tile Images/Wall Tiles/Stone Tiles/UnexcavatedTile.png"; sourceTree = "<group>"; };
		4C0BBD3719E04EA4009865DB /* VerticalSingleTile.png */ = {isa = PBXFileReference; lastKnownFileType = image.png; name = VerticalSingleTile.png; path = "Tile Images/Wall Tiles/Stone Tiles/VerticalSingleTile.png"; sourceTree = "<group>"; };
		4C1F0BAF19CEF799001F336B /* Tile.swift */ = {isa = PBXFileReference; fileEncoding = 4; lastKnownFileType = sourcecode.swift; path = Tile.swift; sourceTree = "<group>"; };
		4C1F0BB119CF3635001F336B /* Dungeon.swift */ = {isa = PBXFileReference; fileEncoding = 4; lastKnownFileType = sourcecode.swift; path = Dungeon.swift; sourceTree = "<group>"; };
		4C4A9E7319E410040068EAAB /* Container.swift */ = {isa = PBXFileReference; fileEncoding = 4; lastKnownFileType = sourcecode.swift; path = Container.swift; sourceTree = "<group>"; };
		4C4A9E7919E439C20068EAAB /* ContainerView.xib */ = {isa = PBXFileReference; fileEncoding = 4; lastKnownFileType = file.xib; path = ContainerView.xib; sourceTree = "<group>"; };
		4C71BBDD19F53F140012AD86 /* Status.swift */ = {isa = PBXFileReference; fileEncoding = 4; lastKnownFileType = sourcecode.swift; path = Status.swift; sourceTree = "<group>"; };
		4C71BBDF19F53F290012AD86 /* Effect.swift */ = {isa = PBXFileReference; fileEncoding = 4; lastKnownFileType = sourcecode.swift; path = Effect.swift; sourceTree = "<group>"; };
		4C71BBE519F7233A0012AD86 /* TypeEnum.swift */ = {isa = PBXFileReference; fileEncoding = 4; lastKnownFileType = sourcecode.swift; path = TypeEnum.swift; sourceTree = "<group>"; };
		4CA748B819E9621D0097CCBF /* DungeonMaster.swift */ = {isa = PBXFileReference; fileEncoding = 4; lastKnownFileType = sourcecode.swift; path = DungeonMaster.swift; sourceTree = "<group>"; };
		4CA748EC19F032E00097CCBF /* NPCTurnState.swift */ = {isa = PBXFileReference; fileEncoding = 4; lastKnownFileType = sourcecode.swift; path = NPCTurnState.swift; sourceTree = "<group>"; };
		4CC399BF19CE8FAC00B42FB7 /* EndlessDungeon.app */ = {isa = PBXFileReference; explicitFileType = wrapper.application; includeInIndex = 0; path = EndlessDungeon.app; sourceTree = BUILT_PRODUCTS_DIR; };
		4CC399C319CE8FAC00B42FB7 /* Info.plist */ = {isa = PBXFileReference; lastKnownFileType = text.plist.xml; path = Info.plist; sourceTree = "<group>"; };
		4CC399C419CE8FAC00B42FB7 /* AppDelegate.swift */ = {isa = PBXFileReference; lastKnownFileType = sourcecode.swift; path = AppDelegate.swift; sourceTree = "<group>"; };
		4CC399C619CE8FAC00B42FB7 /* GameScene.sks */ = {isa = PBXFileReference; lastKnownFileType = file.sks; path = GameScene.sks; sourceTree = "<group>"; };
		4CC399C819CE8FAC00B42FB7 /* GameScene.swift */ = {isa = PBXFileReference; lastKnownFileType = sourcecode.swift; path = GameScene.swift; sourceTree = "<group>"; };
		4CC399CA19CE8FAC00B42FB7 /* GameViewController.swift */ = {isa = PBXFileReference; lastKnownFileType = sourcecode.swift; path = GameViewController.swift; sourceTree = "<group>"; };
		4CC399CD19CE8FAC00B42FB7 /* Base */ = {isa = PBXFileReference; lastKnownFileType = file.storyboard; name = Base; path = Base.lproj/Main.storyboard; sourceTree = "<group>"; };
		4CC399CF19CE8FAC00B42FB7 /* Images.xcassets */ = {isa = PBXFileReference; lastKnownFileType = folder.assetcatalog; path = Images.xcassets; sourceTree = "<group>"; };
		4CC399D219CE8FAC00B42FB7 /* Base */ = {isa = PBXFileReference; lastKnownFileType = file.xib; name = Base; path = Base.lproj/LaunchScreen.xib; sourceTree = "<group>"; };
		4CC399D819CE8FAC00B42FB7 /* EndlessDungeonTests.xctest */ = {isa = PBXFileReference; explicitFileType = wrapper.cfbundle; includeInIndex = 0; path = EndlessDungeonTests.xctest; sourceTree = BUILT_PRODUCTS_DIR; };
		4CC399DD19CE8FAC00B42FB7 /* Info.plist */ = {isa = PBXFileReference; lastKnownFileType = text.plist.xml; path = Info.plist; sourceTree = "<group>"; };
		4CC399DE19CE8FAC00B42FB7 /* EndlessDungeonTests.swift */ = {isa = PBXFileReference; lastKnownFileType = sourcecode.swift; path = EndlessDungeonTests.swift; sourceTree = "<group>"; };
		4CCA703E19E587180020DFD6 /* ContainerCell.xib */ = {isa = PBXFileReference; fileEncoding = 4; lastKnownFileType = file.xib; path = ContainerCell.xib; sourceTree = "<group>"; };
		4CCA704419E6C3640020DFD6 /* WorldObject.swift */ = {isa = PBXFileReference; fileEncoding = 4; lastKnownFileType = sourcecode.swift; path = WorldObject.swift; sourceTree = "<group>"; };
		4CCA704619E6C38D0020DFD6 /* Openable.swift */ = {isa = PBXFileReference; fileEncoding = 4; lastKnownFileType = sourcecode.swift; path = Openable.swift; sourceTree = "<group>"; };
		4CCA704819E6C4D20020DFD6 /* ContainerViewController.swift */ = {isa = PBXFileReference; fileEncoding = 4; lastKnownFileType = sourcecode.swift; path = ContainerViewController.swift; sourceTree = "<group>"; };
		4CCA704B19E70A790020DFD6 /* Door.swift */ = {isa = PBXFileReference; fileEncoding = 4; lastKnownFileType = sourcecode.swift; path = Door.swift; sourceTree = "<group>"; };
		4CCA704D19E70A9B0020DFD6 /* Character.swift */ = {isa = PBXFileReference; fileEncoding = 4; lastKnownFileType = sourcecode.swift; path = Character.swift; sourceTree = "<group>"; };
		4CCA704F19E70ABD0020DFD6 /* NPCharacter.swift */ = {isa = PBXFileReference; fileEncoding = 4; lastKnownFileType = sourcecode.swift; path = NPCharacter.swift; sourceTree = "<group>"; };
		4CCA705119E710FE0020DFD6 /* CharacterSheetViewController.swift */ = {isa = PBXFileReference; fileEncoding = 4; lastKnownFileType = sourcecode.swift; path = CharacterSheetViewController.swift; sourceTree = "<group>"; };
		4CCA705319E7110A0020DFD6 /* CharacterSheetView.xib */ = {isa = PBXFileReference; fileEncoding = 4; lastKnownFileType = file.xib; path = CharacterSheetView.xib; sourceTree = "<group>"; };
		4CCA705519E712050020DFD6 /* CharacterEquipmentViewController.swift */ = {isa = PBXFileReference; fileEncoding = 4; lastKnownFileType = sourcecode.swift; path = CharacterEquipmentViewController.swift; sourceTree = "<group>"; };
		4CCA705719E712110020DFD6 /* CharacterEquipmentView.xib */ = {isa = PBXFileReference; fileEncoding = 4; lastKnownFileType = file.xib; path = CharacterEquipmentView.xib; sourceTree = "<group>"; };
		4CCA705B19E7752D0020DFD6 /* CharacterInventoryCollectionCell.xib */ = {isa = PBXFileReference; fileEncoding = 4; lastKnownFileType = file.xib; path = CharacterInventoryCollectionCell.xib; sourceTree = "<group>"; };
/* End PBXFileReference section */

/* Begin PBXFrameworksBuildPhase section */
		4CC399BC19CE8FAC00B42FB7 /* Frameworks */ = {
			isa = PBXFrameworksBuildPhase;
			buildActionMask = 2147483647;
			files = (
			);
			runOnlyForDeploymentPostprocessing = 0;
		};
		4CC399D519CE8FAC00B42FB7 /* Frameworks */ = {
			isa = PBXFrameworksBuildPhase;
			buildActionMask = 2147483647;
			files = (
			);
			runOnlyForDeploymentPostprocessing = 0;
		};
/* End PBXFrameworksBuildPhase section */

/* Begin PBXGroup section */
		4C00929719D5ECD900AB6D38 /* World Objects */ = {
			isa = PBXGroup;
			children = (
				4CCA704419E6C3640020DFD6 /* WorldObject.swift */,
				4CCA704319E6C33A0020DFD6 /* Characters */,
				4CCA704219E6C3280020DFD6 /* Items */,
				4CCA704119E6C3190020DFD6 /* Openables */,
			);
			name = "World Objects";
			sourceTree = "<group>";
		};
		4C0BBCE919D984BC009865DB /* Tile Images */ = {
			isa = PBXGroup;
			children = (
				4C0BBCEA19D984CE009865DB /* Wall Tiles */,
			);
			name = "Tile Images";
			sourceTree = "<group>";
		};
		4C0BBCEA19D984CE009865DB /* Wall Tiles */ = {
			isa = PBXGroup;
			children = (
				4C0BBD2719E04EA4009865DB /* BackLeftCorner.png */,
				4C0BBD2819E04EA4009865DB /* BackRightCorner.png */,
				4C0BBD2919E04EA4009865DB /* BackSingleTile.png */,
				4C0BBD2A19E04EA4009865DB /* BackWall.png */,
				4C0BBD2B19E04EA4009865DB /* Column.png */,
				4C0BBD2C19E04EA4009865DB /* FloorTile.png */,
				4C0BBD2D19E04EA4009865DB /* FrontLeftCorner.png */,
				4C0BBD2E19E04EA4009865DB /* FrontRightCorner.png */,
				4C0BBD2F19E04EA4009865DB /* FrontSingleTile.png */,
				4C0BBD3019E04EA4009865DB /* FrontWall.png */,
				4C0BBD3119E04EA4009865DB /* HorizontalSingleTile.png */,
				4C0BBD3219E04EA4009865DB /* LeftSingleTile.png */,
				4C0BBD3319E04EA4009865DB /* LeftWall.png */,
				4C0BBD3419E04EA4009865DB /* RightSingleTile.png */,
				4C0BBD3519E04EA4009865DB /* RightWall.png */,
				4C0BBD3619E04EA4009865DB /* UnexcavatedTile.png */,
				4C0BBD3719E04EA4009865DB /* VerticalSingleTile.png */,
			);
			name = "Wall Tiles";
			sourceTree = "<group>";
		};
		4C71BBDA19F53EC40012AD86 /* Statuses */ = {
			isa = PBXGroup;
			children = (
				4C71BBDD19F53F140012AD86 /* Status.swift */,
			);
			name = Statuses;
			sourceTree = "<group>";
		};
		4C71BBE119F719350012AD86 /* Effects */ = {
			isa = PBXGroup;
			children = (
				4C71BBDF19F53F290012AD86 /* Effect.swift */,
			);
			name = Effects;
			sourceTree = "<group>";
		};
		4C71BBE419F723130012AD86 /* Types */ = {
			isa = PBXGroup;
			children = (
				4C71BBE519F7233A0012AD86 /* TypeEnum.swift */,
			);
			name = Types;
			sourceTree = "<group>";
		};
		4CC399B619CE8FAC00B42FB7 = {
			isa = PBXGroup;
			children = (
				4CC399C119CE8FAC00B42FB7 /* EndlessDungeon */,
				4CC399DB19CE8FAC00B42FB7 /* EndlessDungeonTests */,
				4CC399C019CE8FAC00B42FB7 /* Products */,
			);
			sourceTree = "<group>";
		};
		4CC399C019CE8FAC00B42FB7 /* Products */ = {
			isa = PBXGroup;
			children = (
				4CC399BF19CE8FAC00B42FB7 /* EndlessDungeon.app */,
				4CC399D819CE8FAC00B42FB7 /* EndlessDungeonTests.xctest */,
			);
			name = Products;
			sourceTree = "<group>";
		};
		4CC399C119CE8FAC00B42FB7 /* EndlessDungeon */ = {
			isa = PBXGroup;
			children = (
				4CC399C419CE8FAC00B42FB7 /* AppDelegate.swift */,
				4CC399C619CE8FAC00B42FB7 /* GameScene.sks */,
				4CC399C819CE8FAC00B42FB7 /* GameScene.swift */,
				4CC399CA19CE8FAC00B42FB7 /* GameViewController.swift */,
				4C1F0BB119CF3635001F336B /* Dungeon.swift */,
				4CA748EC19F032E00097CCBF /* NPCTurnState.swift */,
				4CA748B819E9621D0097CCBF /* DungeonMaster.swift */,
				4C1F0BAF19CEF799001F336B /* Tile.swift */,
				4C00929319D513B000AB6D38 /* Cell.swift */,
				4CCA704019E58BC00020DFD6 /* Container Images */,
				4C0BBCE919D984BC009865DB /* Tile Images */,
				4C00929719D5ECD900AB6D38 /* World Objects */,
				4C71BBE119F719350012AD86 /* Effects */,
				4C71BBDA19F53EC40012AD86 /* Statuses */,
				4C71BBE419F723130012AD86 /* Types */,
				4CC399CC19CE8FAC00B42FB7 /* Main.storyboard */,
				4CC399CF19CE8FAC00B42FB7 /* Images.xcassets */,
				4CC399D119CE8FAC00B42FB7 /* LaunchScreen.xib */,
				4CC399C219CE8FAC00B42FB7 /* Supporting Files */,
			);
			path = EndlessDungeon;
			sourceTree = "<group>";
		};
		4CC399C219CE8FAC00B42FB7 /* Supporting Files */ = {
			isa = PBXGroup;
			children = (
				4CC399C319CE8FAC00B42FB7 /* Info.plist */,
			);
			name = "Supporting Files";
			sourceTree = "<group>";
		};
		4CC399DB19CE8FAC00B42FB7 /* EndlessDungeonTests */ = {
			isa = PBXGroup;
			children = (
				4CC399DE19CE8FAC00B42FB7 /* EndlessDungeonTests.swift */,
				4CC399DC19CE8FAC00B42FB7 /* Supporting Files */,
			);
			path = EndlessDungeonTests;
			sourceTree = "<group>";
		};
		4CC399DC19CE8FAC00B42FB7 /* Supporting Files */ = {
			isa = PBXGroup;
			children = (
				4CC399DD19CE8FAC00B42FB7 /* Info.plist */,
			);
			name = "Supporting Files";
			sourceTree = "<group>";
		};
		4CCA704019E58BC00020DFD6 /* Container Images */ = {
			isa = PBXGroup;
			children = (
			);
			name = "Container Images";
			sourceTree = "<group>";
		};
		4CCA704119E6C3190020DFD6 /* Openables */ = {
			isa = PBXGroup;
			children = (
				4CCA704619E6C38D0020DFD6 /* Openable.swift */,
				4CCA704B19E70A790020DFD6 /* Door.swift */,
				4CCA704A19E6C5730020DFD6 /* Containers */,
			);
			name = Openables;
			sourceTree = "<group>";
		};
		4CCA704219E6C3280020DFD6 /* Items */ = {
			isa = PBXGroup;
			children = (
				4C0092A019D5ED1F00AB6D38 /* Item.swift */,
			);
			name = Items;
			sourceTree = "<group>";
		};
		4CCA704319E6C33A0020DFD6 /* Characters */ = {
			isa = PBXGroup;
			children = (
				4C00928F19D2EBB800AB6D38 /* Player.swift */,
				4C00929519D5A68800AB6D38 /* PlayerEnums.swift */,
				4CCA704D19E70A9B0020DFD6 /* Character.swift */,
				4CCA704F19E70ABD0020DFD6 /* NPCharacter.swift */,
				4CCA705119E710FE0020DFD6 /* CharacterSheetViewController.swift */,
				4CCA705319E7110A0020DFD6 /* CharacterSheetView.xib */,
				4CCA705D19E81BB20020DFD6 /* Character Inventory */,
			);
			name = Characters;
			sourceTree = "<group>";
		};
		4CCA704A19E6C5730020DFD6 /* Containers */ = {
			isa = PBXGroup;
			children = (
				4C4A9E7919E439C20068EAAB /* ContainerView.xib */,
				4CCA703E19E587180020DFD6 /* ContainerCell.xib */,
				4C4A9E7319E410040068EAAB /* Container.swift */,
				4CCA704819E6C4D20020DFD6 /* ContainerViewController.swift */,
			);
			name = Containers;
			sourceTree = "<group>";
		};
		4CCA705D19E81BB20020DFD6 /* Character Inventory */ = {
			isa = PBXGroup;
			children = (
				4CCA705519E712050020DFD6 /* CharacterEquipmentViewController.swift */,
				4CCA705719E712110020DFD6 /* CharacterEquipmentView.xib */,
				4CCA705B19E7752D0020DFD6 /* CharacterInventoryCollectionCell.xib */,
			);
			name = "Character Inventory";
			sourceTree = "<group>";
		};
/* End PBXGroup section */

/* Begin PBXNativeTarget section */
		4CC399BE19CE8FAC00B42FB7 /* EndlessDungeon */ = {
			isa = PBXNativeTarget;
			buildConfigurationList = 4CC399E219CE8FAC00B42FB7 /* Build configuration list for PBXNativeTarget "EndlessDungeon" */;
			buildPhases = (
				4CC399BB19CE8FAC00B42FB7 /* Sources */,
				4CC399BC19CE8FAC00B42FB7 /* Frameworks */,
				4CC399BD19CE8FAC00B42FB7 /* Resources */,
			);
			buildRules = (
			);
			dependencies = (
			);
			name = EndlessDungeon;
			productName = EndlessDungeon;
			productReference = 4CC399BF19CE8FAC00B42FB7 /* EndlessDungeon.app */;
			productType = "com.apple.product-type.application";
		};
		4CC399D719CE8FAC00B42FB7 /* EndlessDungeonTests */ = {
			isa = PBXNativeTarget;
			buildConfigurationList = 4CC399E519CE8FAC00B42FB7 /* Build configuration list for PBXNativeTarget "EndlessDungeonTests" */;
			buildPhases = (
				4CC399D419CE8FAC00B42FB7 /* Sources */,
				4CC399D519CE8FAC00B42FB7 /* Frameworks */,
				4CC399D619CE8FAC00B42FB7 /* Resources */,
			);
			buildRules = (
			);
			dependencies = (
				4CC399DA19CE8FAC00B42FB7 /* PBXTargetDependency */,
			);
			name = EndlessDungeonTests;
			productName = EndlessDungeonTests;
			productReference = 4CC399D819CE8FAC00B42FB7 /* EndlessDungeonTests.xctest */;
			productType = "com.apple.product-type.bundle.unit-test";
		};
/* End PBXNativeTarget section */

/* Begin PBXProject section */
		4CC399B719CE8FAC00B42FB7 /* Project object */ = {
			isa = PBXProject;
			attributes = {
				LastUpgradeCheck = 0600;
				ORGANIZATIONNAME = "Michael Haubenstock";
				TargetAttributes = {
					4CC399BE19CE8FAC00B42FB7 = {
						CreatedOnToolsVersion = 6.0.1;
					};
					4CC399D719CE8FAC00B42FB7 = {
						CreatedOnToolsVersion = 6.0.1;
						TestTargetID = 4CC399BE19CE8FAC00B42FB7;
					};
				};
			};
			buildConfigurationList = 4CC399BA19CE8FAC00B42FB7 /* Build configuration list for PBXProject "EndlessDungeon" */;
			compatibilityVersion = "Xcode 3.2";
			developmentRegion = English;
			hasScannedForEncodings = 0;
			knownRegions = (
				en,
				Base,
			);
			mainGroup = 4CC399B619CE8FAC00B42FB7;
			productRefGroup = 4CC399C019CE8FAC00B42FB7 /* Products */;
			projectDirPath = "";
			projectRoot = "";
			targets = (
				4CC399BE19CE8FAC00B42FB7 /* EndlessDungeon */,
				4CC399D719CE8FAC00B42FB7 /* EndlessDungeonTests */,
			);
		};
/* End PBXProject section */

/* Begin PBXResourcesBuildPhase section */
		4CC399BD19CE8FAC00B42FB7 /* Resources */ = {
			isa = PBXResourcesBuildPhase;
			buildActionMask = 2147483647;
			files = (
				4CCA705C19E7752D0020DFD6 /* CharacterInventoryCollectionCell.xib in Resources */,
				4C0BBD3F19E04EA4009865DB /* FrontRightCorner.png in Resources */,
				4CCA705819E712110020DFD6 /* CharacterEquipmentView.xib in Resources */,
				4C0BBD4519E04EA4009865DB /* RightSingleTile.png in Resources */,
				4C0BBD4819E04EA4009865DB /* VerticalSingleTile.png in Resources */,
				4C0BBD4719E04EA4009865DB /* UnexcavatedTile.png in Resources */,
				4C0BBD3D19E04EA4009865DB /* FloorTile.png in Resources */,
				4CC399D319CE8FAC00B42FB7 /* LaunchScreen.xib in Resources */,
				4C0BBD3A19E04EA4009865DB /* BackSingleTile.png in Resources */,
				4C0BBD4219E04EA4009865DB /* HorizontalSingleTile.png in Resources */,
				4CC399D019CE8FAC00B42FB7 /* Images.xcassets in Resources */,
				4C0BBD3819E04EA4009865DB /* BackLeftCorner.png in Resources */,
				4C4A9E7A19E439C20068EAAB /* ContainerView.xib in Resources */,
				4C0BBD3C19E04EA4009865DB /* Column.png in Resources */,
				4C0BBD3E19E04EA4009865DB /* FrontLeftCorner.png in Resources */,
				4C0BBD4319E04EA4009865DB /* LeftSingleTile.png in Resources */,
				4C0BBD4019E04EA4009865DB /* FrontSingleTile.png in Resources */,
				4C0BBD4419E04EA4009865DB /* LeftWall.png in Resources */,
				4CCA705419E7110A0020DFD6 /* CharacterSheetView.xib in Resources */,
				4CC399C719CE8FAC00B42FB7 /* GameScene.sks in Resources */,
				4C0BBD4619E04EA4009865DB /* RightWall.png in Resources */,
				4CC399CE19CE8FAC00B42FB7 /* Main.storyboard in Resources */,
				4CCA703F19E587180020DFD6 /* ContainerCell.xib in Resources */,
				4C0BBD3919E04EA4009865DB /* BackRightCorner.png in Resources */,
				4C0BBD4119E04EA4009865DB /* FrontWall.png in Resources */,
				4C0BBD3B19E04EA4009865DB /* BackWall.png in Resources */,
			);
			runOnlyForDeploymentPostprocessing = 0;
		};
		4CC399D619CE8FAC00B42FB7 /* Resources */ = {
			isa = PBXResourcesBuildPhase;
			buildActionMask = 2147483647;
			files = (
			);
			runOnlyForDeploymentPostprocessing = 0;
		};
/* End PBXResourcesBuildPhase section */

/* Begin PBXSourcesBuildPhase section */
		4CC399BB19CE8FAC00B42FB7 /* Sources */ = {
			isa = PBXSourcesBuildPhase;
			buildActionMask = 2147483647;
			files = (
				4C00929619D5A68800AB6D38 /* PlayerEnums.swift in Sources */,
				4CCA705619E712050020DFD6 /* CharacterEquipmentViewController.swift in Sources */,
				4C71BBE019F53F290012AD86 /* Effect.swift in Sources */,
				4CCA704919E6C4D20020DFD6 /* ContainerViewController.swift in Sources */,
				4CC399C919CE8FAC00B42FB7 /* GameScene.swift in Sources */,
				4C71BBE619F7233A0012AD86 /* TypeEnum.swift in Sources */,
				4CA748B919E9621D0097CCBF /* DungeonMaster.swift in Sources */,
				4CC399CB19CE8FAC00B42FB7 /* GameViewController.swift in Sources */,
				4CA748ED19F032E00097CCBF /* NPCTurnState.swift in Sources */,
				4C0092A119D5ED1F00AB6D38 /* Item.swift in Sources */,
				4C1F0BB219CF3635001F336B /* Dungeon.swift in Sources */,
				4CCA705219E710FE0020DFD6 /* CharacterSheetViewController.swift in Sources */,
				4CC399C519CE8FAC00B42FB7 /* AppDelegate.swift in Sources */,
				4CCA705019E70ABD0020DFD6 /* NPCharacter.swift in Sources */,
				4C00929419D513B000AB6D38 /* Cell.swift in Sources */,
				4C00929019D2EBB800AB6D38 /* Player.swift in Sources */,
				4CCA704C19E70A790020DFD6 /* Door.swift in Sources */,
				4C71BBDE19F53F150012AD86 /* Status.swift in Sources */,
				4C4A9E7419E410040068EAAB /* Container.swift in Sources */,
				4CCA704719E6C38D0020DFD6 /* Openable.swift in Sources */,
				4CCA704E19E70A9B0020DFD6 /* Character.swift in Sources */,
				4C1F0BB019CEF799001F336B /* Tile.swift in Sources */,
				4CCA704519E6C3640020DFD6 /* WorldObject.swift in Sources */,
			);
			runOnlyForDeploymentPostprocessing = 0;
		};
		4CC399D419CE8FAC00B42FB7 /* Sources */ = {
			isa = PBXSourcesBuildPhase;
			buildActionMask = 2147483647;
			files = (
				4CC399DF19CE8FAC00B42FB7 /* EndlessDungeonTests.swift in Sources */,
			);
			runOnlyForDeploymentPostprocessing = 0;
		};
/* End PBXSourcesBuildPhase section */

/* Begin PBXTargetDependency section */
		4CC399DA19CE8FAC00B42FB7 /* PBXTargetDependency */ = {
			isa = PBXTargetDependency;
			target = 4CC399BE19CE8FAC00B42FB7 /* EndlessDungeon */;
			targetProxy = 4CC399D919CE8FAC00B42FB7 /* PBXContainerItemProxy */;
		};
/* End PBXTargetDependency section */

/* Begin PBXVariantGroup section */
		4CC399CC19CE8FAC00B42FB7 /* Main.storyboard */ = {
			isa = PBXVariantGroup;
			children = (
				4CC399CD19CE8FAC00B42FB7 /* Base */,
			);
			name = Main.storyboard;
			sourceTree = "<group>";
		};
		4CC399D119CE8FAC00B42FB7 /* LaunchScreen.xib */ = {
			isa = PBXVariantGroup;
			children = (
				4CC399D219CE8FAC00B42FB7 /* Base */,
			);
			name = LaunchScreen.xib;
			sourceTree = "<group>";
		};
/* End PBXVariantGroup section */

/* Begin XCBuildConfiguration section */
		4CC399E019CE8FAC00B42FB7 /* Debug */ = {
			isa = XCBuildConfiguration;
			buildSettings = {
				ALWAYS_SEARCH_USER_PATHS = NO;
				CLANG_CXX_LANGUAGE_STANDARD = "gnu++0x";
				CLANG_CXX_LIBRARY = "libc++";
				CLANG_ENABLE_MODULES = YES;
				CLANG_ENABLE_OBJC_ARC = YES;
				CLANG_WARN_BOOL_CONVERSION = YES;
				CLANG_WARN_CONSTANT_CONVERSION = YES;
				CLANG_WARN_DIRECT_OBJC_ISA_USAGE = YES_ERROR;
				CLANG_WARN_EMPTY_BODY = YES;
				CLANG_WARN_ENUM_CONVERSION = YES;
				CLANG_WARN_INT_CONVERSION = YES;
				CLANG_WARN_OBJC_ROOT_CLASS = YES_ERROR;
				CLANG_WARN_UNREACHABLE_CODE = YES;
				CLANG_WARN__DUPLICATE_METHOD_MATCH = YES;
				"CODE_SIGN_IDENTITY[sdk=iphoneos*]" = "iPhone Developer";
				COPY_PHASE_STRIP = NO;
				ENABLE_STRICT_OBJC_MSGSEND = YES;
				GCC_C_LANGUAGE_STANDARD = gnu99;
				GCC_DYNAMIC_NO_PIC = NO;
				GCC_OPTIMIZATION_LEVEL = 0;
				GCC_PREPROCESSOR_DEFINITIONS = (
					"DEBUG=1",
					"$(inherited)",
				);
				GCC_SYMBOLS_PRIVATE_EXTERN = NO;
				GCC_WARN_64_TO_32_BIT_CONVERSION = YES;
				GCC_WARN_ABOUT_RETURN_TYPE = YES_ERROR;
				GCC_WARN_UNDECLARED_SELECTOR = YES;
				GCC_WARN_UNINITIALIZED_AUTOS = YES_AGGRESSIVE;
				GCC_WARN_UNUSED_FUNCTION = YES;
				GCC_WARN_UNUSED_VARIABLE = YES;
				IPHONEOS_DEPLOYMENT_TARGET = 8.0;
				MTL_ENABLE_DEBUG_INFO = YES;
				ONLY_ACTIVE_ARCH = YES;
				SDKROOT = iphoneos;
				SWIFT_OPTIMIZATION_LEVEL = "-Onone";
				TARGETED_DEVICE_FAMILY = "1,2";
			};
			name = Debug;
		};
		4CC399E119CE8FAC00B42FB7 /* Release */ = {
			isa = XCBuildConfiguration;
			buildSettings = {
				ALWAYS_SEARCH_USER_PATHS = NO;
				CLANG_CXX_LANGUAGE_STANDARD = "gnu++0x";
				CLANG_CXX_LIBRARY = "libc++";
				CLANG_ENABLE_MODULES = YES;
				CLANG_ENABLE_OBJC_ARC = YES;
				CLANG_WARN_BOOL_CONVERSION = YES;
				CLANG_WARN_CONSTANT_CONVERSION = YES;
				CLANG_WARN_DIRECT_OBJC_ISA_USAGE = YES_ERROR;
				CLANG_WARN_EMPTY_BODY = YES;
				CLANG_WARN_ENUM_CONVERSION = YES;
				CLANG_WARN_INT_CONVERSION = YES;
				CLANG_WARN_OBJC_ROOT_CLASS = YES_ERROR;
				CLANG_WARN_UNREACHABLE_CODE = YES;
				CLANG_WARN__DUPLICATE_METHOD_MATCH = YES;
				"CODE_SIGN_IDENTITY[sdk=iphoneos*]" = "iPhone Developer";
				COPY_PHASE_STRIP = YES;
				ENABLE_NS_ASSERTIONS = NO;
				ENABLE_STRICT_OBJC_MSGSEND = YES;
				GCC_C_LANGUAGE_STANDARD = gnu99;
				GCC_WARN_64_TO_32_BIT_CONVERSION = YES;
				GCC_WARN_ABOUT_RETURN_TYPE = YES_ERROR;
				GCC_WARN_UNDECLARED_SELECTOR = YES;
				GCC_WARN_UNINITIALIZED_AUTOS = YES_AGGRESSIVE;
				GCC_WARN_UNUSED_FUNCTION = YES;
				GCC_WARN_UNUSED_VARIABLE = YES;
				IPHONEOS_DEPLOYMENT_TARGET = 8.0;
				MTL_ENABLE_DEBUG_INFO = NO;
				SDKROOT = iphoneos;
				TARGETED_DEVICE_FAMILY = "1,2";
				VALIDATE_PRODUCT = YES;
			};
			name = Release;
		};
		4CC399E319CE8FAC00B42FB7 /* Debug */ = {
			isa = XCBuildConfiguration;
			buildSettings = {
				ASSETCATALOG_COMPILER_APPICON_NAME = AppIcon;
				INFOPLIST_FILE = EndlessDungeon/Info.plist;
				IPHONEOS_DEPLOYMENT_TARGET = 7.0;
				LD_RUNPATH_SEARCH_PATHS = "$(inherited) @executable_path/Frameworks";
				PRODUCT_NAME = "$(TARGET_NAME)";
			};
			name = Debug;
		};
		4CC399E419CE8FAC00B42FB7 /* Release */ = {
			isa = XCBuildConfiguration;
			buildSettings = {
				ASSETCATALOG_COMPILER_APPICON_NAME = AppIcon;
				INFOPLIST_FILE = EndlessDungeon/Info.plist;
				IPHONEOS_DEPLOYMENT_TARGET = 7.0;
				LD_RUNPATH_SEARCH_PATHS = "$(inherited) @executable_path/Frameworks";
				PRODUCT_NAME = "$(TARGET_NAME)";
			};
			name = Release;
		};
		4CC399E619CE8FAC00B42FB7 /* Debug */ = {
			isa = XCBuildConfiguration;
			buildSettings = {
				BUNDLE_LOADER = "$(TEST_HOST)";
				FRAMEWORK_SEARCH_PATHS = (
					"$(SDKROOT)/Developer/Library/Frameworks",
					"$(inherited)",
				);
				GCC_PREPROCESSOR_DEFINITIONS = (
					"DEBUG=1",
					"$(inherited)",
				);
				INFOPLIST_FILE = EndlessDungeonTests/Info.plist;
				LD_RUNPATH_SEARCH_PATHS = "$(inherited) @executable_path/Frameworks @loader_path/Frameworks";
				PRODUCT_NAME = "$(TARGET_NAME)";
				TEST_HOST = "$(BUILT_PRODUCTS_DIR)/EndlessDungeon.app/EndlessDungeon";
			};
			name = Debug;
		};
		4CC399E719CE8FAC00B42FB7 /* Release */ = {
			isa = XCBuildConfiguration;
			buildSettings = {
				BUNDLE_LOADER = "$(TEST_HOST)";
				FRAMEWORK_SEARCH_PATHS = (
					"$(SDKROOT)/Developer/Library/Frameworks",
					"$(inherited)",
				);
				INFOPLIST_FILE = EndlessDungeonTests/Info.plist;
				LD_RUNPATH_SEARCH_PATHS = "$(inherited) @executable_path/Frameworks @loader_path/Frameworks";
				PRODUCT_NAME = "$(TARGET_NAME)";
				TEST_HOST = "$(BUILT_PRODUCTS_DIR)/EndlessDungeon.app/EndlessDungeon";
			};
			name = Release;
		};
/* End XCBuildConfiguration section */

/* Begin XCConfigurationList section */
		4CC399BA19CE8FAC00B42FB7 /* Build configuration list for PBXProject "EndlessDungeon" */ = {
			isa = XCConfigurationList;
			buildConfigurations = (
				4CC399E019CE8FAC00B42FB7 /* Debug */,
				4CC399E119CE8FAC00B42FB7 /* Release */,
			);
			defaultConfigurationIsVisible = 0;
			defaultConfigurationName = Release;
		};
		4CC399E219CE8FAC00B42FB7 /* Build configuration list for PBXNativeTarget "EndlessDungeon" */ = {
			isa = XCConfigurationList;
			buildConfigurations = (
				4CC399E319CE8FAC00B42FB7 /* Debug */,
				4CC399E419CE8FAC00B42FB7 /* Release */,
			);
			defaultConfigurationIsVisible = 0;
			defaultConfigurationName = Release;
		};
		4CC399E519CE8FAC00B42FB7 /* Build configuration list for PBXNativeTarget "EndlessDungeonTests" */ = {
			isa = XCConfigurationList;
			buildConfigurations = (
				4CC399E619CE8FAC00B42FB7 /* Debug */,
				4CC399E719CE8FAC00B42FB7 /* Release */,
			);
			defaultConfigurationIsVisible = 0;
			defaultConfigurationName = Release;
		};
/* End XCConfigurationList section */
	};
	rootObject = 4CC399B719CE8FAC00B42FB7 /* Project object */;
}
